
Microsoft Visual Studio Solution File, Format Version 12.00
# Visual Studio Version 17
VisualStudioVersion = 17.13.35931.197
MinimumVisualStudioVersion = 10.0.40219.1
Project("{FAE04EC0-301F-11D3-BF4B-00C04F79EFBC}") = "BezierCurves", "BezierCurves\BezierCurves.csproj", "{EFF04C6D-556C-40C8-AF85-D87D95900A6F}"
EndProject
Global
	GlobalSection(SolutionConfigurationPlatforms) = preSolution
		Debug|Any CPU = Debug|Any CPU
		Release|Any CPU = Release|Any CPU
	EndGlobalSection
	GlobalSection(ProjectConfigurationPlatforms) = postSolution
		{EFF04C6D-556C-40C8-AF85-D87D95900A6F}.Debug|Any CPU.ActiveCfg = Debug|Any CPU
		{EFF04C6D-556C-40C8-AF85-D87D95900A6F}.Debug|Any CPU.Build.0 = Debug|Any CPU
		{EFF04C6D-556C-40C8-AF85-D87D95900A6F}.Release|Any CPU.ActiveCfg = Release|Any CPU
		{EFF04C6D-556C-40C8-AF85-D87D95900A6F}.Release|Any CPU.Build.0 = Release|Any CPU
	EndGlobalSection
	GlobalSection(SolutionProperties) = preSolution
		HideSolutionNode = FALSE
	EndGlobalSection
	GlobalSection(ExtensibilityGlobals) = postSolution
		SolutionGuid = {2CEDE2CE-0F97-4BDF-9509-4736B4BFECA8}
	EndGlobalSection
EndGlobal
